// !$*UTF8*$!
{
	archiveVersion = 1;
	classes = {
	};
	objectVersion = 77;
	objects = {

/* Begin PBXBuildFile section */
		9DBCC5392CEDE6D80004F3E2 /* SDWebImage in Frameworks */ = {isa = PBXBuildFile; productRef = 9DBCC5382CEDE6D80004F3E2 /* SDWebImage */; };
		9DBCC53B2CEDE6D80004F3E2 /* SDWebImageMapKit in Frameworks */ = {isa = PBXBuildFile; productRef = 9DBCC53A2CEDE6D80004F3E2 /* SDWebImageMapKit */; };
		9DBEB2402D0CC00300813A4E /* FirebaseAuth in Frameworks */ = {isa = PBXBuildFile; productRef = 9DBEB23F2D0CC00300813A4E /* FirebaseAuth */; };
		9DBEB2422D0CC00300813A4E /* FirebaseAuthCombine-Community in Frameworks */ = {isa = PBXBuildFile; productRef = 9DBEB2412D0CC00300813A4E /* FirebaseAuthCombine-Community */; };
		9DBEB2442D0CC00300813A4E /* FirebaseCore in Frameworks */ = {isa = PBXBuildFile; productRef = 9DBEB2432D0CC00300813A4E /* FirebaseCore */; };
		9DBEB2462D0CC00300813A4E /* FirebaseDatabase in Frameworks */ = {isa = PBXBuildFile; productRef = 9DBEB2452D0CC00300813A4E /* FirebaseDatabase */; };
		9DBEB2482D0CC00300813A4E /* FirebaseDynamicLinks in Frameworks */ = {isa = PBXBuildFile; productRef = 9DBEB2472D0CC00300813A4E /* FirebaseDynamicLinks */; };
		9DBEB24A2D0CC00300813A4E /* FirebaseFirestore in Frameworks */ = {isa = PBXBuildFile; productRef = 9DBEB2492D0CC00300813A4E /* FirebaseFirestore */; };
		9DBEB24C2D0CC00300813A4E /* FirebaseMessaging in Frameworks */ = {isa = PBXBuildFile; productRef = 9DBEB24B2D0CC00300813A4E /* FirebaseMessaging */; };
		9DBEB24E2D0CC00300813A4E /* FirebaseStorage in Frameworks */ = {isa = PBXBuildFile; productRef = 9DBEB24D2D0CC00300813A4E /* FirebaseStorage */; };
		9DBEB2502D0CC00300813A4E /* FirebaseStorageCombine-Community in Frameworks */ = {isa = PBXBuildFile; productRef = 9DBEB24F2D0CC00300813A4E /* FirebaseStorageCombine-Community */; };
/* End PBXBuildFile section */

/* Begin PBXFileReference section */
		9DB56CA02CDA2F4300E2B3FF /* recap.app */ = {isa = PBXFileReference; explicitFileType = wrapper.application; includeInIndex = 0; path = recap.app; sourceTree = BUILT_PRODUCTS_DIR; };
/* End PBXFileReference section */

/* Begin PBXFileSystemSynchronizedBuildFileExceptionSet section */
		9DB56CB22CDA2F4400E2B3FF /* Exceptions for "recap" folder in "recap" target */ = {
			isa = PBXFileSystemSynchronizedBuildFileExceptionSet;
			membershipExceptions = (
				Resources/Info.plist,
			);
			target = 9DB56C9F2CDA2F4300E2B3FF /* recap */;
		};
/* End PBXFileSystemSynchronizedBuildFileExceptionSet section */

/* Begin PBXFileSystemSynchronizedRootGroup section */
		9DB56CA22CDA2F4300E2B3FF /* recap */ = {
			isa = PBXFileSystemSynchronizedRootGroup;
			exceptions = (
				9DB56CB22CDA2F4400E2B3FF /* Exceptions for "recap" folder in "recap" target */,
			);
			path = recap;
			sourceTree = "<group>";
		};
/* End PBXFileSystemSynchronizedRootGroup section */

/* Begin PBXFrameworksBuildPhase section */
		9DB56C9D2CDA2F4300E2B3FF /* Frameworks */ = {
			isa = PBXFrameworksBuildPhase;
			buildActionMask = 2147483647;
			files = (
				9DBEB2502D0CC00300813A4E /* FirebaseStorageCombine-Community in Frameworks */,
				9DBEB24C2D0CC00300813A4E /* FirebaseMessaging in Frameworks */,
				9DBEB2462D0CC00300813A4E /* FirebaseDatabase in Frameworks */,
				9DBCC53B2CEDE6D80004F3E2 /* SDWebImageMapKit in Frameworks */,
				9DBEB24E2D0CC00300813A4E /* FirebaseStorage in Frameworks */,
				9DBEB2442D0CC00300813A4E /* FirebaseCore in Frameworks */,
				9DBEB2402D0CC00300813A4E /* FirebaseAuth in Frameworks */,
				9DBCC5392CEDE6D80004F3E2 /* SDWebImage in Frameworks */,
				9DBEB24A2D0CC00300813A4E /* FirebaseFirestore in Frameworks */,
				9DBEB2482D0CC00300813A4E /* FirebaseDynamicLinks in Frameworks */,
				9DBEB2422D0CC00300813A4E /* FirebaseAuthCombine-Community in Frameworks */,
			);
			runOnlyForDeploymentPostprocessing = 0;
		};
/* End PBXFrameworksBuildPhase section */

/* Begin PBXGroup section */
		9DB56C972CDA2F4300E2B3FF = {
			isa = PBXGroup;
			children = (
				9DB56CA22CDA2F4300E2B3FF /* recap */,
				9DB56CA12CDA2F4300E2B3FF /* Products */,
			);
			sourceTree = "<group>";
		};
		9DB56CA12CDA2F4300E2B3FF /* Products */ = {
			isa = PBXGroup;
			children = (
				9DB56CA02CDA2F4300E2B3FF /* recap.app */,
			);
			name = Products;
			sourceTree = "<group>";
		};
/* End PBXGroup section */

/* Begin PBXNativeTarget section */
		9DB56C9F2CDA2F4300E2B3FF /* recap */ = {
			isa = PBXNativeTarget;
			buildConfigurationList = 9DB56CB32CDA2F4400E2B3FF /* Build configuration list for PBXNativeTarget "recap" */;
			buildPhases = (
				9DB56C9C2CDA2F4300E2B3FF /* Sources */,
				9DB56C9D2CDA2F4300E2B3FF /* Frameworks */,
				9DB56C9E2CDA2F4300E2B3FF /* Resources */,
			);
			buildRules = (
			);
			dependencies = (
			);
			fileSystemSynchronizedGroups = (
				9DB56CA22CDA2F4300E2B3FF /* recap */,
			);
			name = recap;
			packageProductDependencies = (
				9DBCC5382CEDE6D80004F3E2 /* SDWebImage */,
				9DBCC53A2CEDE6D80004F3E2 /* SDWebImageMapKit */,
				9DBEB23F2D0CC00300813A4E /* FirebaseAuth */,
				9DBEB2412D0CC00300813A4E /* FirebaseAuthCombine-Community */,
				9DBEB2432D0CC00300813A4E /* FirebaseCore */,
				9DBEB2452D0CC00300813A4E /* FirebaseDatabase */,
				9DBEB2472D0CC00300813A4E /* FirebaseDynamicLinks */,
				9DBEB2492D0CC00300813A4E /* FirebaseFirestore */,
				9DBEB24B2D0CC00300813A4E /* FirebaseMessaging */,
				9DBEB24D2D0CC00300813A4E /* FirebaseStorage */,
				9DBEB24F2D0CC00300813A4E /* FirebaseStorageCombine-Community */,
			);
			productName = recap;
			productReference = 9DB56CA02CDA2F4300E2B3FF /* recap.app */;
			productType = "com.apple.product-type.application";
		};
/* End PBXNativeTarget section */

/* Begin PBXProject section */
		9DB56C982CDA2F4300E2B3FF /* Project object */ = {
			isa = PBXProject;
			attributes = {
				BuildIndependentTargetsInParallel = 1;
				LastSwiftUpdateCheck = 1610;
				LastUpgradeCheck = 1610;
				TargetAttributes = {
					9DB56C9F2CDA2F4300E2B3FF = {
						CreatedOnToolsVersion = 16.1;
					};
				};
			};
			buildConfigurationList = 9DB56C9B2CDA2F4300E2B3FF /* Build configuration list for PBXProject "recap" */;
			developmentRegion = en;
			hasScannedForEncodings = 0;
			knownRegions = (
				en,
				Base,
			);
			mainGroup = 9DB56C972CDA2F4300E2B3FF;
			minimizedProjectReferenceProxies = 1;
			packageReferences = (
				9DBCC5372CEDE6D80004F3E2 /* XCRemoteSwiftPackageReference "SDWebImage" */,
				9DBEB23E2D0CC00300813A4E /* XCRemoteSwiftPackageReference "firebase-ios-sdk" */,
			);
			preferredProjectObjectVersion = 77;
			productRefGroup = 9DB56CA12CDA2F4300E2B3FF /* Products */;
			projectDirPath = "";
			projectRoot = "";
			targets = (
				9DB56C9F2CDA2F4300E2B3FF /* recap */,
			);
		};
/* End PBXProject section */

/* Begin PBXResourcesBuildPhase section */
		9DB56C9E2CDA2F4300E2B3FF /* Resources */ = {
			isa = PBXResourcesBuildPhase;
			buildActionMask = 2147483647;
			files = (
			);
			runOnlyForDeploymentPostprocessing = 0;
		};
/* End PBXResourcesBuildPhase section */

/* Begin PBXSourcesBuildPhase section */
		9DB56C9C2CDA2F4300E2B3FF /* Sources */ = {
			isa = PBXSourcesBuildPhase;
			buildActionMask = 2147483647;
			files = (
			);
			runOnlyForDeploymentPostprocessing = 0;
		};
/* End PBXSourcesBuildPhase section */

/* Begin XCBuildConfiguration section */
		9DB56CB42CDA2F4400E2B3FF /* Debug */ = {
			isa = XCBuildConfiguration;
			buildSettings = {
				ASSETCATALOG_COMPILER_APPICON_NAME = AppIcon;
				ASSETCATALOG_COMPILER_GLOBAL_ACCENT_COLOR_NAME = AccentColor;
				ASSETCATALOG_COMPILER_INCLUDE_ALL_APPICON_ASSETS = YES;
				CODE_SIGN_STYLE = Automatic;
				CURRENT_PROJECT_VERSION = 1;
				DEVELOPMENT_TEAM = G2TY2Q3KD8;
				GENERATE_INFOPLIST_FILE = YES;
				INFOPLIST_FILE = recap/Resources/Info.plist;
				INFOPLIST_KEY_UIApplicationSupportsIndirectInputEvents = YES;
				INFOPLIST_KEY_UILaunchStoryboardName = launchScreenViewController.swift;
				INFOPLIST_KEY_UISupportedInterfaceOrientations_iPad = "UIInterfaceOrientationPortrait UIInterfaceOrientationPortraitUpsideDown UIInterfaceOrientationLandscapeLeft UIInterfaceOrientationLandscapeRight";
				INFOPLIST_KEY_UISupportedInterfaceOrientations_iPhone = "UIInterfaceOrientationPortrait UIInterfaceOrientationLandscapeLeft UIInterfaceOrientationLandscapeRight";
				LD_RUNPATH_SEARCH_PATHS = (
					"$(inherited)",
					"@executable_path/Frameworks",
				);
				MARKETING_VERSION = 1.0;
				PRODUCT_BUNDLE_IDENTIFIER = in.diptayan.recap;
				PRODUCT_NAME = "$(TARGET_NAME)";
				SWIFT_EMIT_LOC_STRINGS = YES;
				SWIFT_VERSION = 5.0;
				TARGETED_DEVICE_FAMILY = "1,2";
			};
			name = Debug;
		};
		9DB56CB52CDA2F4400E2B3FF /* Release */ = {
			isa = XCBuildConfiguration;
			buildSettings = {
				ASSETCATALOG_COMPILER_APPICON_NAME = AppIcon;
				ASSETCATALOG_COMPILER_GLOBAL_ACCENT_COLOR_NAME = AccentColor;
				ASSETCATALOG_COMPILER_INCLUDE_ALL_APPICON_ASSETS = YES;
				CODE_SIGN_STYLE = Automatic;
				CURRENT_PROJECT_VERSION = 1;
				DEVELOPMENT_TEAM = G2TY2Q3KD8;
				GENERATE_INFOPLIST_FILE = YES;
				INFOPLIST_FILE = recap/Resources/Info.plist;
				INFOPLIST_KEY_UIApplicationSupportsIndirectInputEvents = YES;
				INFOPLIST_KEY_UILaunchStoryboardName = launchScreenViewController.swift;
				INFOPLIST_KEY_UISupportedInterfaceOrientations_iPad = "UIInterfaceOrientationPortrait UIInterfaceOrientationPortraitUpsideDown UIInterfaceOrientationLandscapeLeft UIInterfaceOrientationLandscapeRight";
				INFOPLIST_KEY_UISupportedInterfaceOrientations_iPhone = "UIInterfaceOrientationPortrait UIInterfaceOrientationLandscapeLeft UIInterfaceOrientationLandscapeRight";
				LD_RUNPATH_SEARCH_PATHS = (
					"$(inherited)",
					"@executable_path/Frameworks",
				);
				MARKETING_VERSION = 1.0;
				PRODUCT_BUNDLE_IDENTIFIER = in.diptayan.recap;
				PRODUCT_NAME = "$(TARGET_NAME)";
				SWIFT_EMIT_LOC_STRINGS = YES;
				SWIFT_VERSION = 5.0;
				TARGETED_DEVICE_FAMILY = "1,2";
			};
			name = Release;
		};
		9DB56CB62CDA2F4400E2B3FF /* Debug */ = {
			isa = XCBuildConfiguration;
			buildSettings = {
				ALWAYS_SEARCH_USER_PATHS = NO;
				ASSETCATALOG_COMPILER_GENERATE_SWIFT_ASSET_SYMBOL_EXTENSIONS = YES;
				CLANG_ANALYZER_NONNULL = YES;
				CLANG_ANALYZER_NUMBER_OBJECT_CONVERSION = YES_AGGRESSIVE;
				CLANG_CXX_LANGUAGE_STANDARD = "gnu++20";
				CLANG_ENABLE_MODULES = YES;
				CLANG_ENABLE_OBJC_ARC = YES;
				CLANG_ENABLE_OBJC_WEAK = YES;
				CLANG_WARN_BLOCK_CAPTURE_AUTORELEASING = YES;
				CLANG_WARN_BOOL_CONVERSION = YES;
				CLANG_WARN_COMMA = YES;
				CLANG_WARN_CONSTANT_CONVERSION = YES;
				CLANG_WARN_DEPRECATED_OBJC_IMPLEMENTATIONS = YES;
				CLANG_WARN_DIRECT_OBJC_ISA_USAGE = YES_ERROR;
				CLANG_WARN_DOCUMENTATION_COMMENTS = YES;
				CLANG_WARN_EMPTY_BODY = YES;
				CLANG_WARN_ENUM_CONVERSION = YES;
				CLANG_WARN_INFINITE_RECURSION = YES;
				CLANG_WARN_INT_CONVERSION = YES;
				CLANG_WARN_NON_LITERAL_NULL_CONVERSION = YES;
				CLANG_WARN_OBJC_IMPLICIT_RETAIN_SELF = YES;
				CLANG_WARN_OBJC_LITERAL_CONVERSION = YES;
				CLANG_WARN_OBJC_ROOT_CLASS = YES_ERROR;
				CLANG_WARN_QUOTED_INCLUDE_IN_FRAMEWORK_HEADER = YES;
				CLANG_WARN_RANGE_LOOP_ANALYSIS = YES;
				CLANG_WARN_STRICT_PROTOTYPES = YES;
				CLANG_WARN_SUSPICIOUS_MOVE = YES;
				CLANG_WARN_UNGUARDED_AVAILABILITY = YES_AGGRESSIVE;
				CLANG_WARN_UNREACHABLE_CODE = YES;
				CLANG_WARN__DUPLICATE_METHOD_MATCH = YES;
				COPY_PHASE_STRIP = NO;
				DEBUG_INFORMATION_FORMAT = dwarf;
				ENABLE_STRICT_OBJC_MSGSEND = YES;
				ENABLE_TESTABILITY = YES;
				ENABLE_USER_SCRIPT_SANDBOXING = YES;
				GCC_C_LANGUAGE_STANDARD = gnu17;
				GCC_DYNAMIC_NO_PIC = NO;
				GCC_NO_COMMON_BLOCKS = YES;
				GCC_OPTIMIZATION_LEVEL = 0;
				GCC_PREPROCESSOR_DEFINITIONS = (
					"DEBUG=1",
					"$(inherited)",
				);
				GCC_WARN_64_TO_32_BIT_CONVERSION = YES;
				GCC_WARN_ABOUT_RETURN_TYPE = YES_ERROR;
				GCC_WARN_UNDECLARED_SELECTOR = YES;
				GCC_WARN_UNINITIALIZED_AUTOS = YES_AGGRESSIVE;
				GCC_WARN_UNUSED_FUNCTION = YES;
				GCC_WARN_UNUSED_VARIABLE = YES;
				IPHONEOS_DEPLOYMENT_TARGET = 18.1;
				LOCALIZATION_PREFERS_STRING_CATALOGS = YES;
				MTL_ENABLE_DEBUG_INFO = INCLUDE_SOURCE;
				MTL_FAST_MATH = YES;
				ONLY_ACTIVE_ARCH = YES;
				SDKROOT = iphoneos;
				SWIFT_ACTIVE_COMPILATION_CONDITIONS = "DEBUG $(inherited)";
				SWIFT_OPTIMIZATION_LEVEL = "-Onone";
			};
			name = Debug;
		};
		9DB56CB72CDA2F4400E2B3FF /* Release */ = {
			isa = XCBuildConfiguration;
			buildSettings = {
				ALWAYS_SEARCH_USER_PATHS = NO;
				ASSETCATALOG_COMPILER_GENERATE_SWIFT_ASSET_SYMBOL_EXTENSIONS = YES;
				CLANG_ANALYZER_NONNULL = YES;
				CLANG_ANALYZER_NUMBER_OBJECT_CONVERSION = YES_AGGRESSIVE;
				CLANG_CXX_LANGUAGE_STANDARD = "gnu++20";
				CLANG_ENABLE_MODULES = YES;
				CLANG_ENABLE_OBJC_ARC = YES;
				CLANG_ENABLE_OBJC_WEAK = YES;
				CLANG_WARN_BLOCK_CAPTURE_AUTORELEASING = YES;
				CLANG_WARN_BOOL_CONVERSION = YES;
				CLANG_WARN_COMMA = YES;
				CLANG_WARN_CONSTANT_CONVERSION = YES;
				CLANG_WARN_DEPRECATED_OBJC_IMPLEMENTATIONS = YES;
				CLANG_WARN_DIRECT_OBJC_ISA_USAGE = YES_ERROR;
				CLANG_WARN_DOCUMENTATION_COMMENTS = YES;
				CLANG_WARN_EMPTY_BODY = YES;
				CLANG_WARN_ENUM_CONVERSION = YES;
				CLANG_WARN_INFINITE_RECURSION = YES;
				CLANG_WARN_INT_CONVERSION = YES;
				CLANG_WARN_NON_LITERAL_NULL_CONVERSION = YES;
				CLANG_WARN_OBJC_IMPLICIT_RETAIN_SELF = YES;
				CLANG_WARN_OBJC_LITERAL_CONVERSION = YES;
				CLANG_WARN_OBJC_ROOT_CLASS = YES_ERROR;
				CLANG_WARN_QUOTED_INCLUDE_IN_FRAMEWORK_HEADER = YES;
				CLANG_WARN_RANGE_LOOP_ANALYSIS = YES;
				CLANG_WARN_STRICT_PROTOTYPES = YES;
				CLANG_WARN_SUSPICIOUS_MOVE = YES;
				CLANG_WARN_UNGUARDED_AVAILABILITY = YES_AGGRESSIVE;
				CLANG_WARN_UNREACHABLE_CODE = YES;
				CLANG_WARN__DUPLICATE_METHOD_MATCH = YES;
				COPY_PHASE_STRIP = NO;
				DEBUG_INFORMATION_FORMAT = "dwarf-with-dsym";
				ENABLE_NS_ASSERTIONS = NO;
				ENABLE_STRICT_OBJC_MSGSEND = YES;
				ENABLE_USER_SCRIPT_SANDBOXING = YES;
				GCC_C_LANGUAGE_STANDARD = gnu17;
				GCC_NO_COMMON_BLOCKS = YES;
				GCC_WARN_64_TO_32_BIT_CONVERSION = YES;
				GCC_WARN_ABOUT_RETURN_TYPE = YES_ERROR;
				GCC_WARN_UNDECLARED_SELECTOR = YES;
				GCC_WARN_UNINITIALIZED_AUTOS = YES_AGGRESSIVE;
				GCC_WARN_UNUSED_FUNCTION = YES;
				GCC_WARN_UNUSED_VARIABLE = YES;
				IPHONEOS_DEPLOYMENT_TARGET = 18.1;
				LOCALIZATION_PREFERS_STRING_CATALOGS = YES;
				MTL_ENABLE_DEBUG_INFO = NO;
				MTL_FAST_MATH = YES;
				SDKROOT = iphoneos;
				SWIFT_COMPILATION_MODE = wholemodule;
				VALIDATE_PRODUCT = YES;
			};
			name = Release;
		};
/* End XCBuildConfiguration section */

/* Begin XCConfigurationList section */
		9DB56C9B2CDA2F4300E2B3FF /* Build configuration list for PBXProject "recap" */ = {
			isa = XCConfigurationList;
			buildConfigurations = (
				9DB56CB62CDA2F4400E2B3FF /* Debug */,
				9DB56CB72CDA2F4400E2B3FF /* Release */,
			);
			defaultConfigurationIsVisible = 0;
			defaultConfigurationName = Release;
		};
		9DB56CB32CDA2F4400E2B3FF /* Build configuration list for PBXNativeTarget "recap" */ = {
			isa = XCConfigurationList;
			buildConfigurations = (
				9DB56CB42CDA2F4400E2B3FF /* Debug */,
				9DB56CB52CDA2F4400E2B3FF /* Release */,
			);
			defaultConfigurationIsVisible = 0;
			defaultConfigurationName = Release;
		};
/* End XCConfigurationList section */

/* Begin XCRemoteSwiftPackageReference section */
		9DBCC5372CEDE6D80004F3E2 /* XCRemoteSwiftPackageReference "SDWebImage" */ = {
			isa = XCRemoteSwiftPackageReference;
			repositoryURL = "https://github.com/SDWebImage/SDWebImage";
			requirement = {
				kind = upToNextMajorVersion;
				minimumVersion = 5.20.0;
			};
		};
		9DBEB23E2D0CC00300813A4E /* XCRemoteSwiftPackageReference "firebase-ios-sdk" */ = {
			isa = XCRemoteSwiftPackageReference;
			repositoryURL = "https://github.com/firebase/firebase-ios-sdk";
			requirement = {
				kind = upToNextMajorVersion;
				minimumVersion = 11.6.0;
			};
		};
/* End XCRemoteSwiftPackageReference section */

/* Begin XCSwiftPackageProductDependency section */
		9DBCC5382CEDE6D80004F3E2 /* SDWebImage */ = {
			isa = XCSwiftPackageProductDependency;
			package = 9DBCC5372CEDE6D80004F3E2 /* XCRemoteSwiftPackageReference "SDWebImage" */;
			productName = SDWebImage;
		};
		9DBCC53A2CEDE6D80004F3E2 /* SDWebImageMapKit */ = {
			isa = XCSwiftPackageProductDependency;
			package = 9DBCC5372CEDE6D80004F3E2 /* XCRemoteSwiftPackageReference "SDWebImage" */;
			productName = SDWebImageMapKit;
		};
		9DBEB23F2D0CC00300813A4E /* FirebaseAuth */ = {
			isa = XCSwiftPackageProductDependency;
			package = 9DBEB23E2D0CC00300813A4E /* XCRemoteSwiftPackageReference "firebase-ios-sdk" */;
			productName = FirebaseAuth;
		};
		9DBEB2412D0CC00300813A4E /* FirebaseAuthCombine-Community */ = {
			isa = XCSwiftPackageProductDependency;
			package = 9DBEB23E2D0CC00300813A4E /* XCRemoteSwiftPackageReference "firebase-ios-sdk" */;
			productName = "FirebaseAuthCombine-Community";
		};
		9DBEB2432D0CC00300813A4E /* FirebaseCore */ = {
			isa = XCSwiftPackageProductDependency;
			package = 9DBEB23E2D0CC00300813A4E /* XCRemoteSwiftPackageReference "firebase-ios-sdk" */;
			productName = FirebaseCore;
		};
		9DBEB2452D0CC00300813A4E /* FirebaseDatabase */ = {
			isa = XCSwiftPackageProductDependency;
			package = 9DBEB23E2D0CC00300813A4E /* XCRemoteSwiftPackageReference "firebase-ios-sdk" */;
			productName = FirebaseDatabase;
		};
		9DBEB2472D0CC00300813A4E /* FirebaseDynamicLinks */ = {
			isa = XCSwiftPackageProductDependency;
			package = 9DBEB23E2D0CC00300813A4E /* XCRemoteSwiftPackageReference "firebase-ios-sdk" */;
			productName = FirebaseDynamicLinks;
		};
		9DBEB2492D0CC00300813A4E /* FirebaseFirestore */ = {
			isa = XCSwiftPackageProductDependency;
			package = 9DBEB23E2D0CC00300813A4E /* XCRemoteSwiftPackageReference "firebase-ios-sdk" */;
			productName = FirebaseFirestore;
		};
		9DBEB24B2D0CC00300813A4E /* FirebaseMessaging */ = {
			isa = XCSwiftPackageProductDependency;
			package = 9DBEB23E2D0CC00300813A4E /* XCRemoteSwiftPackageReference "firebase-ios-sdk" */;
			productName = FirebaseMessaging;
		};
		9DBEB24D2D0CC00300813A4E /* FirebaseStorage */ = {
			isa = XCSwiftPackageProductDependency;
			package = 9DBEB23E2D0CC00300813A4E /* XCRemoteSwiftPackageReference "firebase-ios-sdk" */;
			productName = FirebaseStorage;
		};
		9DBEB24F2D0CC00300813A4E /* FirebaseStorageCombine-Community */ = {
			isa = XCSwiftPackageProductDependency;
			package = 9DBEB23E2D0CC00300813A4E /* XCRemoteSwiftPackageReference "firebase-ios-sdk" */;
			productName = "FirebaseStorageCombine-Community";
		};
/* End XCSwiftPackageProductDependency section */
	};
	rootObject = 9DB56C982CDA2F4300E2B3FF /* Project object */;
}
